
Microsoft Visual Studio Solution File, Format Version 12.00
# Visual Studio Version 17
VisualStudioVersion = 17.5.002.0
MinimumVisualStudioVersion = 10.0.40219.1
Project("{9A19103F-16F7-4668-BE54-9A1E7A4F7556}") = "WebJobs.Script.Tests", "WebJobs.Script.Tests.csproj", "{57B0A020-4F8D-409E-B99E-E425CE035DF2}"
EndProject
Global
	GlobalSection(SolutionConfigurationPlatforms) = preSolution
		Debug|Any CPU = Debug|Any CPU
		Release|Any CPU = Release|Any CPU
	EndGlobalSection
	GlobalSection(ProjectConfigurationPlatforms) = postSolution
		{57B0A020-4F8D-409E-B99E-E425CE035DF2}.Debug|Any CPU.ActiveCfg = Debug|Any CPU
		{57B0A020-4F8D-409E-B99E-E425CE035DF2}.Debug|Any CPU.Build.0 = Debug|Any CPU
		{57B0A020-4F8D-409E-B99E-E425CE035DF2}.Release|Any CPU.ActiveCfg = Release|Any CPU
		{57B0A020-4F8D-409E-B99E-E425CE035DF2}.Release|Any CPU.Build.0 = Release|Any CPU
	EndGlobalSection
	GlobalSection(SolutionProperties) = preSolution
		HideSolutionNode = FALSE
	EndGlobalSection
	GlobalSection(ExtensibilityGlobals) = postSolution
		SolutionGuid = {079C3D27-C6AA-4DA2-AFEB-A0369A81D995}
	EndGlobalSection
EndGlobal
